
Microsoft Visual Studio Solution File, Format Version 12.00
# Visual Studio Version 17
VisualStudioVersion = 17.5.33530.505
MinimumVisualStudioVersion = 10.0.40219.1
Project("{FAE04EC0-301F-11D3-BF4B-00C04F79EFBC}") = "Scraping", "Scraping\Scraping.csproj", "{A208D370-DA32-4674-95D9-16B5E7AAC398}"
EndProject
Global
	GlobalSection(SolutionConfigurationPlatforms) = preSolution
		Debug|Any CPU = Debug|Any CPU
		Release|Any CPU = Release|Any CPU
	EndGlobalSection
	GlobalSection(ProjectConfigurationPlatforms) = postSolution
		{A208D370-DA32-4674-95D9-16B5E7AAC398}.Debug|Any CPU.ActiveCfg = Debug|Any CPU
		{A208D370-DA32-4674-95D9-16B5E7AAC398}.Debug|Any CPU.Build.0 = Debug|Any CPU
		{A208D370-DA32-4674-95D9-16B5E7AAC398}.Release|Any CPU.ActiveCfg = Release|Any CPU
		{A208D370-DA32-4674-95D9-16B5E7AAC398}.Release|Any CPU.Build.0 = Release|Any CPU
	EndGlobalSection
	GlobalSection(SolutionProperties) = preSolution
		HideSolutionNode = FALSE
	EndGlobalSection
	GlobalSection(ExtensibilityGlobals) = postSolution
		SolutionGuid = {3D77A84D-3D4C-42AD-81B1-E64A37329B2F}
	EndGlobalSection
EndGlobal
